// !$*UTF8*$!
{
	archiveVersion = 1;
	classes = {
	};
	objectVersion = 55;
	objects = {

/* Begin PBXBuildFile section */
		84C45C2528FD480800B76322 /* AppDelegate.swift in Sources */ = {isa = PBXBuildFile; fileRef = 84C45C2428FD480800B76322 /* AppDelegate.swift */; };
		84C45C2728FD480800B76322 /* SceneDelegate.swift in Sources */ = {isa = PBXBuildFile; fileRef = 84C45C2628FD480800B76322 /* SceneDelegate.swift */; };
		84C45C2928FD480800B76322 /* LoginViewController.swift in Sources */ = {isa = PBXBuildFile; fileRef = 84C45C2828FD480800B76322 /* LoginViewController.swift */; };
		84C45C2C28FD480800B76322 /* Main.storyboard in Resources */ = {isa = PBXBuildFile; fileRef = 84C45C2A28FD480800B76322 /* Main.storyboard */; };
		84C45C2E28FD480900B76322 /* Assets.xcassets in Resources */ = {isa = PBXBuildFile; fileRef = 84C45C2D28FD480900B76322 /* Assets.xcassets */; };
		84C45C3128FD480900B76322 /* LaunchScreen.storyboard in Resources */ = {isa = PBXBuildFile; fileRef = 84C45C2F28FD480900B76322 /* LaunchScreen.storyboard */; };
		84C45C3B28FD4C8F00B76322 /* LoginViewModel.swift in Sources */ = {isa = PBXBuildFile; fileRef = 84C45C3A28FD4C8F00B76322 /* LoginViewModel.swift */; };
		84C45C3D28FD535900B76322 /* HomeViewController.swift in Sources */ = {isa = PBXBuildFile; fileRef = 84C45C3C28FD535900B76322 /* HomeViewController.swift */; };
		84C45C3F28FD54F600B76322 /* ListsTableViewCell.swift in Sources */ = {isa = PBXBuildFile; fileRef = 84C45C3E28FD54F600B76322 /* ListsTableViewCell.swift */; };
		84C45C4128FD55BC00B76322 /* HomeViewModel.swift in Sources */ = {isa = PBXBuildFile; fileRef = 84C45C4028FD55BC00B76322 /* HomeViewModel.swift */; };
		84C45C4328FD5C5300B76322 /* ListCellViewModel.swift in Sources */ = {isa = PBXBuildFile; fileRef = 84C45C4228FD5C5300B76322 /* ListCellViewModel.swift */; };
/* End PBXBuildFile section */

/* Begin PBXFileReference section */
		84C45C2128FD480800B76322 /* Combine_MVVM.app */ = {isa = PBXFileReference; explicitFileType = wrapper.application; includeInIndex = 0; path = Combine_MVVM.app; sourceTree = BUILT_PRODUCTS_DIR; };
		84C45C2428FD480800B76322 /* AppDelegate.swift */ = {isa = PBXFileReference; lastKnownFileType = sourcecode.swift; path = AppDelegate.swift; sourceTree = "<group>"; };
		84C45C2628FD480800B76322 /* SceneDelegate.swift */ = {isa = PBXFileReference; lastKnownFileType = sourcecode.swift; path = SceneDelegate.swift; sourceTree = "<group>"; };
		84C45C2828FD480800B76322 /* LoginViewController.swift */ = {isa = PBXFileReference; lastKnownFileType = sourcecode.swift; path = LoginViewController.swift; sourceTree = "<group>"; };
		84C45C2B28FD480800B76322 /* Base */ = {isa = PBXFileReference; lastKnownFileType = file.storyboard; name = Base; path = Base.lproj/Main.storyboard; sourceTree = "<group>"; };
		84C45C2D28FD480900B76322 /* Assets.xcassets */ = {isa = PBXFileReference; lastKnownFileType = folder.assetcatalog; path = Assets.xcassets; sourceTree = "<group>"; };
		84C45C3028FD480900B76322 /* Base */ = {isa = PBXFileReference; lastKnownFileType = file.storyboard; name = Base; path = Base.lproj/LaunchScreen.storyboard; sourceTree = "<group>"; };
		84C45C3228FD480900B76322 /* Info.plist */ = {isa = PBXFileReference; lastKnownFileType = text.plist.xml; path = Info.plist; sourceTree = "<group>"; };
		84C45C3A28FD4C8F00B76322 /* LoginViewModel.swift */ = {isa = PBXFileReference; lastKnownFileType = sourcecode.swift; path = LoginViewModel.swift; sourceTree = "<group>"; };
		84C45C3C28FD535900B76322 /* HomeViewController.swift */ = {isa = PBXFileReference; lastKnownFileType = sourcecode.swift; path = HomeViewController.swift; sourceTree = "<group>"; };
		84C45C3E28FD54F600B76322 /* ListsTableViewCell.swift */ = {isa = PBXFileReference; lastKnownFileType = sourcecode.swift; path = ListsTableViewCell.swift; sourceTree = "<group>"; };
		84C45C4028FD55BC00B76322 /* HomeViewModel.swift */ = {isa = PBXFileReference; lastKnownFileType = sourcecode.swift; path = HomeViewModel.swift; sourceTree = "<group>"; };
		84C45C4228FD5C5300B76322 /* ListCellViewModel.swift */ = {isa = PBXFileReference; lastKnownFileType = sourcecode.swift; path = ListCellViewModel.swift; sourceTree = "<group>"; };
/* End PBXFileReference section */

/* Begin PBXFrameworksBuildPhase section */
		84C45C1E28FD480800B76322 /* Frameworks */ = {
			isa = PBXFrameworksBuildPhase;
			buildActionMask = 2147483647;
			files = (
			);
			runOnlyForDeploymentPostprocessing = 0;
		};
/* End PBXFrameworksBuildPhase section */

/* Begin PBXGroup section */
		84C45C1828FD480800B76322 = {
			isa = PBXGroup;
			children = (
				84C45C2328FD480800B76322 /* Combine_MVVM */,
				84C45C2228FD480800B76322 /* Products */,
			);
			sourceTree = "<group>";
		};
		84C45C2228FD480800B76322 /* Products */ = {
			isa = PBXGroup;
			children = (
				84C45C2128FD480800B76322 /* Combine_MVVM.app */,
			);
			name = Products;
			sourceTree = "<group>";
		};
		84C45C2328FD480800B76322 /* Combine_MVVM */ = {
			isa = PBXGroup;
			children = (
				84C45C2428FD480800B76322 /* AppDelegate.swift */,
				84C45C2628FD480800B76322 /* SceneDelegate.swift */,
				84C45C3928FD4C7D00B76322 /* ViewModel */,
				84C45C3828FD4C7700B76322 /* View */,
				84C45C2A28FD480800B76322 /* Main.storyboard */,
				84C45C2D28FD480900B76322 /* Assets.xcassets */,
				84C45C2F28FD480900B76322 /* LaunchScreen.storyboard */,
				84C45C3228FD480900B76322 /* Info.plist */,
			);
			path = Combine_MVVM;
			sourceTree = "<group>";
		};
		84C45C3828FD4C7700B76322 /* View */ = {
			isa = PBXGroup;
			children = (
				84C45C2828FD480800B76322 /* LoginViewController.swift */,
				84C45C3E28FD54F600B76322 /* ListsTableViewCell.swift */,
				84C45C4228FD5C5300B76322 /* ListCellViewModel.swift */,
				84C45C3C28FD535900B76322 /* HomeViewController.swift */,
			);
			path = View;
			sourceTree = "<group>";
		};
		84C45C3928FD4C7D00B76322 /* ViewModel */ = {
			isa = PBXGroup;
			children = (
				84C45C3A28FD4C8F00B76322 /* LoginViewModel.swift */,
				84C45C4028FD55BC00B76322 /* HomeViewModel.swift */,
			);
			path = ViewModel;
			sourceTree = "<group>";
		};
/* End PBXGroup section */

/* Begin PBXNativeTarget section */
		84C45C2028FD480800B76322 /* Combine_MVVM */ = {
			isa = PBXNativeTarget;
			buildConfigurationList = 84C45C3528FD480900B76322 /* Build configuration list for PBXNativeTarget "Combine_MVVM" */;
			buildPhases = (
				84C45C1D28FD480800B76322 /* Sources */,
				84C45C1E28FD480800B76322 /* Frameworks */,
				84C45C1F28FD480800B76322 /* Resources */,
			);
			buildRules = (
			);
			dependencies = (
			);
			name = Combine_MVVM;
			productName = Combine_MVVM;
			productReference = 84C45C2128FD480800B76322 /* Combine_MVVM.app */;
			productType = "com.apple.product-type.application";
		};
/* End PBXNativeTarget section */

/* Begin PBXProject section */
		84C45C1928FD480800B76322 /* Project object */ = {
			isa = PBXProject;
			attributes = {
				BuildIndependentTargetsInParallel = 1;
				LastSwiftUpdateCheck = 1340;
				LastUpgradeCheck = 1340;
				TargetAttributes = {
					84C45C2028FD480800B76322 = {
						CreatedOnToolsVersion = 13.4.1;
					};
				};
			};
			buildConfigurationList = 84C45C1C28FD480800B76322 /* Build configuration list for PBXProject "Combine_MVVM" */;
			compatibilityVersion = "Xcode 13.0";
			developmentRegion = en;
			hasScannedForEncodings = 0;
			knownRegions = (
				en,
				Base,
			);
			mainGroup = 84C45C1828FD480800B76322;
			productRefGroup = 84C45C2228FD480800B76322 /* Products */;
			projectDirPath = "";
			projectRoot = "";
			targets = (
				84C45C2028FD480800B76322 /* Combine_MVVM */,
			);
		};
/* End PBXProject section */

/* Begin PBXResourcesBuildPhase section */
		84C45C1F28FD480800B76322 /* Resources */ = {
			isa = PBXResourcesBuildPhase;
			buildActionMask = 2147483647;
			files = (
				84C45C3128FD480900B76322 /* LaunchScreen.storyboard in Resources */,
				84C45C2E28FD480900B76322 /* Assets.xcassets in Resources */,
				84C45C2C28FD480800B76322 /* Main.storyboard in Resources */,
			);
			runOnlyForDeploymentPostprocessing = 0;
		};
/* End PBXResourcesBuildPhase section */

/* Begin PBXSourcesBuildPhase section */
		84C45C1D28FD480800B76322 /* Sources */ = {
			isa = PBXSourcesBuildPhase;
			buildActionMask = 2147483647;
			files = (
				84C45C3D28FD535900B76322 /* HomeViewController.swift in Sources */,
				84C45C3B28FD4C8F00B76322 /* LoginViewModel.swift in Sources */,
				84C45C4328FD5C5300B76322 /* ListCellViewModel.swift in Sources */,
				84C45C4128FD55BC00B76322 /* HomeViewModel.swift in Sources */,
				84C45C2928FD480800B76322 /* LoginViewController.swift in Sources */,
				84C45C2528FD480800B76322 /* AppDelegate.swift in Sources */,
				84C45C2728FD480800B76322 /* SceneDelegate.swift in Sources */,
				84C45C3F28FD54F600B76322 /* ListsTableViewCell.swift in Sources */,
			);
			runOnlyForDeploymentPostprocessing = 0;
		};
/* End PBXSourcesBuildPhase section */

/* Begin PBXVariantGroup section */
		84C45C2A28FD480800B76322 /* Main.storyboard */ = {
			isa = PBXVariantGroup;
			children = (
				84C45C2B28FD480800B76322 /* Base */,
			);
			name = Main.storyboard;
			sourceTree = "<group>";
		};
		84C45C2F28FD480900B76322 /* LaunchScreen.storyboard */ = {
			isa = PBXVariantGroup;
			children = (
				84C45C3028FD480900B76322 /* Base */,
			);
			name = LaunchScreen.storyboard;
			sourceTree = "<group>";
		};
/* End PBXVariantGroup section */

/* Begin XCBuildConfiguration section */
		84C45C3328FD480900B76322 /* Debug */ = {
			isa = XCBuildConfiguration;
			buildSettings = {
				ALWAYS_SEARCH_USER_PATHS = NO;
				CLANG_ANALYZER_NONNULL = YES;
				CLANG_ANALYZER_NUMBER_OBJECT_CONVERSION = YES_AGGRESSIVE;
				CLANG_CXX_LANGUAGE_STANDARD = "gnu++17";
				CLANG_ENABLE_MODULES = YES;
				CLANG_ENABLE_OBJC_ARC = YES;
				CLANG_ENABLE_OBJC_WEAK = YES;
				CLANG_WARN_BLOCK_CAPTURE_AUTORELEASING = YES;
				CLANG_WARN_BOOL_CONVERSION = YES;
				CLANG_WARN_COMMA = YES;
				CLANG_WARN_CONSTANT_CONVERSION = YES;
				CLANG_WARN_DEPRECATED_OBJC_IMPLEMENTATIONS = YES;
				CLANG_WARN_DIRECT_OBJC_ISA_USAGE = YES_ERROR;
				CLANG_WARN_DOCUMENTATION_COMMENTS = YES;
				CLANG_WARN_EMPTY_BODY = YES;
				CLANG_WARN_ENUM_CONVERSION = YES;
				CLANG_WARN_INFINITE_RECURSION = YES;
				CLANG_WARN_INT_CONVERSION = YES;
				CLANG_WARN_NON_LITERAL_NULL_CONVERSION = YES;
				CLANG_WARN_OBJC_IMPLICIT_RETAIN_SELF = YES;
				CLANG_WARN_OBJC_LITERAL_CONVERSION = YES;
				CLANG_WARN_OBJC_ROOT_CLASS = YES_ERROR;
				CLANG_WARN_QUOTED_INCLUDE_IN_FRAMEWORK_HEADER = YES;
				CLANG_WARN_RANGE_LOOP_ANALYSIS = YES;
				CLANG_WARN_STRICT_PROTOTYPES = YES;
				CLANG_WARN_SUSPICIOUS_MOVE = YES;
				CLANG_WARN_UNGUARDED_AVAILABILITY = YES_AGGRESSIVE;
				CLANG_WARN_UNREACHABLE_CODE = YES;
				CLANG_WARN__DUPLICATE_METHOD_MATCH = YES;
				COPY_PHASE_STRIP = NO;
				DEBUG_INFORMATION_FORMAT = dwarf;
				ENABLE_STRICT_OBJC_MSGSEND = YES;
				ENABLE_TESTABILITY = YES;
				GCC_C_LANGUAGE_STANDARD = gnu11;
				GCC_DYNAMIC_NO_PIC = NO;
				GCC_NO_COMMON_BLOCKS = YES;
				GCC_OPTIMIZATION_LEVEL = 0;
				GCC_PREPROCESSOR_DEFINITIONS = (
					"DEBUG=1",
					"$(inherited)",
				);
				GCC_WARN_64_TO_32_BIT_CONVERSION = YES;
				GCC_WARN_ABOUT_RETURN_TYPE = YES_ERROR;
				GCC_WARN_UNDECLARED_SELECTOR = YES;
				GCC_WARN_UNINITIALIZED_AUTOS = YES_AGGRESSIVE;
				GCC_WARN_UNUSED_FUNCTION = YES;
				GCC_WARN_UNUSED_VARIABLE = YES;
				IPHONEOS_DEPLOYMENT_TARGET = 15.5;
				MTL_ENABLE_DEBUG_INFO = INCLUDE_SOURCE;
				MTL_FAST_MATH = YES;
				ONLY_ACTIVE_ARCH = YES;
				SDKROOT = iphoneos;
				SWIFT_ACTIVE_COMPILATION_CONDITIONS = DEBUG;
				SWIFT_OPTIMIZATION_LEVEL = "-Onone";
			};
			name = Debug;
		};
		84C45C3428FD480900B76322 /* Release */ = {
			isa = XCBuildConfiguration;
			buildSettings = {
				ALWAYS_SEARCH_USER_PATHS = NO;
				CLANG_ANALYZER_NONNULL = YES;
				CLANG_ANALYZER_NUMBER_OBJECT_CONVERSION = YES_AGGRESSIVE;
				CLANG_CXX_LANGUAGE_STANDARD = "gnu++17";
				CLANG_ENABLE_MODULES = YES;
				CLANG_ENABLE_OBJC_ARC = YES;
				CLANG_ENABLE_OBJC_WEAK = YES;
				CLANG_WARN_BLOCK_CAPTURE_AUTORELEASING = YES;
				CLANG_WARN_BOOL_CONVERSION = YES;
				CLANG_WARN_COMMA = YES;
				CLANG_WARN_CONSTANT_CONVERSION = YES;
				CLANG_WARN_DEPRECATED_OBJC_IMPLEMENTATIONS = YES;
				CLANG_WARN_DIRECT_OBJC_ISA_USAGE = YES_ERROR;
				CLANG_WARN_DOCUMENTATION_COMMENTS = YES;
				CLANG_WARN_EMPTY_BODY = YES;
				CLANG_WARN_ENUM_CONVERSION = YES;
				CLANG_WARN_INFINITE_RECURSION = YES;
				CLANG_WARN_INT_CONVERSION = YES;
				CLANG_WARN_NON_LITERAL_NULL_CONVERSION = YES;
				CLANG_WARN_OBJC_IMPLICIT_RETAIN_SELF = YES;
				CLANG_WARN_OBJC_LITERAL_CONVERSION = YES;
				CLANG_WARN_OBJC_ROOT_CLASS = YES_ERROR;
				CLANG_WARN_QUOTED_INCLUDE_IN_FRAMEWORK_HEADER = YES;
				CLANG_WARN_RANGE_LOOP_ANALYSIS = YES;
				CLANG_WARN_STRICT_PROTOTYPES = YES;
				CLANG_WARN_SUSPICIOUS_MOVE = YES;
				CLANG_WARN_UNGUARDED_AVAILABILITY = YES_AGGRESSIVE;
				CLANG_WARN_UNREACHABLE_CODE = YES;
				CLANG_WARN__DUPLICATE_METHOD_MATCH = YES;
				COPY_PHASE_STRIP = NO;
				DEBUG_INFORMATION_FORMAT = "dwarf-with-dsym";
				ENABLE_NS_ASSERTIONS = NO;
				ENABLE_STRICT_OBJC_MSGSEND = YES;
				GCC_C_LANGUAGE_STANDARD = gnu11;
				GCC_NO_COMMON_BLOCKS = YES;
				GCC_WARN_64_TO_32_BIT_CONVERSION = YES;
				GCC_WARN_ABOUT_RETURN_TYPE = YES_ERROR;
				GCC_WARN_UNDECLARED_SELECTOR = YES;
				GCC_WARN_UNINITIALIZED_AUTOS = YES_AGGRESSIVE;
				GCC_WARN_UNUSED_FUNCTION = YES;
				GCC_WARN_UNUSED_VARIABLE = YES;
				IPHONEOS_DEPLOYMENT_TARGET = 15.5;
				MTL_ENABLE_DEBUG_INFO = NO;
				MTL_FAST_MATH = YES;
				SDKROOT = iphoneos;
				SWIFT_COMPILATION_MODE = wholemodule;
				SWIFT_OPTIMIZATION_LEVEL = "-O";
				VALIDATE_PRODUCT = YES;
			};
			name = Release;
		};
		84C45C3628FD480900B76322 /* Debug */ = {
			isa = XCBuildConfiguration;
			buildSettings = {
				ASSETCATALOG_COMPILER_APPICON_NAME = AppIcon;
				ASSETCATALOG_COMPILER_GLOBAL_ACCENT_COLOR_NAME = AccentColor;
				CODE_SIGN_STYLE = Automatic;
				CURRENT_PROJECT_VERSION = 1;
				GENERATE_INFOPLIST_FILE = YES;
				INFOPLIST_FILE = Combine_MVVM/Info.plist;
				INFOPLIST_KEY_UIApplicationSupportsIndirectInputEvents = YES;
				INFOPLIST_KEY_UILaunchStoryboardName = LaunchScreen;
				INFOPLIST_KEY_UIMainStoryboardFile = Main;
				INFOPLIST_KEY_UISupportedInterfaceOrientations_iPad = "UIInterfaceOrientationPortrait UIInterfaceOrientationPortraitUpsideDown UIInterfaceOrientationLandscapeLeft UIInterfaceOrientationLandscapeRight";
				INFOPLIST_KEY_UISupportedInterfaceOrientations_iPhone = "UIInterfaceOrientationPortrait UIInterfaceOrientationLandscapeLeft UIInterfaceOrientationLandscapeRight";
				LD_RUNPATH_SEARCH_PATHS = (
					"$(inherited)",
					"@executable_path/Frameworks",
				);
				MARKETING_VERSION = 1.0;
				PRODUCT_BUNDLE_IDENTIFIER = "hn.Combine-MVVM";
				PRODUCT_NAME = "$(TARGET_NAME)";
				SWIFT_EMIT_LOC_STRINGS = YES;
				SWIFT_VERSION = 5.0;
				TARGETED_DEVICE_FAMILY = "1,2";
			};
			name = Debug;
		};
		84C45C3728FD480900B76322 /* Release */ = {
			isa = XCBuildConfiguration;
			buildSettings = {
				ASSETCATALOG_COMPILER_APPICON_NAME = AppIcon;
				ASSETCATALOG_COMPILER_GLOBAL_ACCENT_COLOR_NAME = AccentColor;
				CODE_SIGN_STYLE = Automatic;
				CURRENT_PROJECT_VERSION = 1;
				GENERATE_INFOPLIST_FILE = YES;
				INFOPLIST_FILE = Combine_MVVM/Info.plist;
				INFOPLIST_KEY_UIApplicationSupportsIndirectInputEvents = YES;
				INFOPLIST_KEY_UILaunchStoryboardName = LaunchScreen;
				INFOPLIST_KEY_UIMainStoryboardFile = Main;
				INFOPLIST_KEY_UISupportedInterfaceOrientations_iPad = "UIInterfaceOrientationPortrait UIInterfaceOrientationPortraitUpsideDown UIInterfaceOrientationLandscapeLeft UIInterfaceOrientationLandscapeRight";
				INFOPLIST_KEY_UISupportedInterfaceOrientations_iPhone = "UIInterfaceOrientationPortrait UIInterfaceOrientationLandscapeLeft UIInterfaceOrientationLandscapeRight";
				LD_RUNPATH_SEARCH_PATHS = (
					"$(inherited)",
					"@executable_path/Frameworks",
				);
				MARKETING_VERSION = 1.0;
				PRODUCT_BUNDLE_IDENTIFIER = "hn.Combine-MVVM";
				PRODUCT_NAME = "$(TARGET_NAME)";
				SWIFT_EMIT_LOC_STRINGS = YES;
				SWIFT_VERSION = 5.0;
				TARGETED_DEVICE_FAMILY = "1,2";
			};
			name = Release;
		};
/* End XCBuildConfiguration section */

/* Begin XCConfigurationList section */
		84C45C1C28FD480800B76322 /* Build configuration list for PBXProject "Combine_MVVM" */ = {
			isa = XCConfigurationList;
			buildConfigurations = (
				84C45C3328FD480900B76322 /* Debug */,
				84C45C3428FD480900B76322 /* Release */,
			);
			defaultConfigurationIsVisible = 0;
			defaultConfigurationName = Release;
		};
		84C45C3528FD480900B76322 /* Build configuration list for PBXNativeTarget "Combine_MVVM" */ = {
			isa = XCConfigurationList;
			buildConfigurations = (
				84C45C3628FD480900B76322 /* Debug */,
				84C45C3728FD480900B76322 /* Release */,
			);
			defaultConfigurationIsVisible = 0;
			defaultConfigurationName = Release;
		};
/* End XCConfigurationList section */
	};
	rootObject = 84C45C1928FD480800B76322 /* Project object */;
}
